{
  "lockfile_version": "1",
  "packages": {
    "github:NixOS/nixpkgs/nixpkgs-unstable": {
      "last_modified": "2025-10-27T19:50:41Z",
      "resolved": "github:NixOS/nixpkgs/1666250dbe4141e4ca8aaf89b40a3a51c2e36144?lastModified=1761594641&narHash=sha256-sImk6SJQASDLQo8l%2B0zWWaBgg7TueLS6lTvdH5pBZpo%3D"
    },
    "go@1.25.1": {
      "last_modified": "2025-10-07T08:41:47Z",
      "resolved": "github:NixOS/nixpkgs/bce5fe2bb998488d8e7e7856315f90496723793c#go",
      "source": "devbox-search",
      "version": "1.25.1",
      "systems": {
        "aarch64-darwin": {
          "outputs": [
            {
              "name": "out",
              "path": "/nix/store/mkdfnr1nkfj2kznxyag9pypbxp3wqqdv-go-1.25.1",
              "default": true
            }
          ],
          "store_path": "/nix/store/mkdfnr1nkfj2kznxyag9pypbxp3wqqdv-go-1.25.1"
        },
        "aarch64-linux": {
          "outputs": [
            {
              "name": "out",
              "path": "/nix/store/0jzj8p7k9wkr4l17sgrlg3z5di27sggf-go-1.25.1",
              "default": true
            }
          ],
          "store_path": "/nix/store/0jzj8p7k9wkr4l17sgrlg3z5di27sggf-go-1.25.1"
        },
        "x86_64-darwin": {
          "outputs": [
            {
              "name": "out",
              "path": "/nix/store/q2xylk8h3kbfajhw2lpdmyzyyqgqx8fl-go-1.25.1",
              "default": true
            }
          ],
          "store_path": "/nix/store/q2xylk8h3kbfajhw2lpdmyzyyqgqx8fl-go-1.25.1"
        },
        "x86_64-linux": {
          "outputs": [
            {
              "name": "out",
              "path": "/nix/store/f01qkydd3c2jqwi4w6hkddkf3blp16kw-go-1.25.1",
              "default": true
            }
          ],
          "store_path": "/nix/store/f01qkydd3c2jqwi4w6hkddkf3blp16kw-go-1.25.1"
        }
      }
    },
    "goose-cli@latest": {
      "last_modified": "2025-10-07T08:41:47Z",
      "resolved": "github:NixOS/nixpkgs/bce5fe2bb998488d8e7e7856315f90496723793c#goose-cli",
      "source": "devbox-search",
      "version": "1.6.0",
      "systems": {
        "aarch64-darwin": {
          "outputs": [
            {
              "name": "out",
              "path": "/nix/store/f6wcgwzw2wfqlylrw7fd2i5yqpppjqw0-goose-cli-1.6.0",
              "default": true
            }
          ],
          "store_path": "/nix/store/f6wcgwzw2wfqlylrw7fd2i5yqpppjqw0-goose-cli-1.6.0"
        },
        "aarch64-linux": {
          "outputs": [
            {
              "name": "out",
              "path": "/nix/store/605kjirm8y96ipsxj63jr7ba3fnaajdh-goose-cli-1.6.0",
              "default": true
            }
          ],
          "store_path": "/nix/store/605kjirm8y96ipsxj63jr7ba3fnaajdh-goose-cli-1.6.0"
        },
        "x86_64-darwin": {
          "outputs": [
            {
              "name": "out",
              "path": "/nix/store/bv0wl5q0xcjn8h729fvc14myr47hnrlk-goose-cli-1.6.0",
              "default": true
            }
          ],
          "store_path": "/nix/store/bv0wl5q0xcjn8h729fvc14myr47hnrlk-goose-cli-1.6.0"
        },
        "x86_64-linux": {
          "outputs": [
            {
              "name": "out",
              "path": "/nix/store/ski2md4mzr4fb7fip0jj33frnilf5ndj-goose-cli-1.6.0",
              "default": true
            }
          ],
          "store_path": "/nix/store/ski2md4mzr4fb7fip0jj33frnilf5ndj-goose-cli-1.6.0"
        }
      }
    },
    "protobuf": {
      "resolved": "github:NixOS/nixpkgs/1666250dbe4141e4ca8aaf89b40a3a51c2e36144?narHash=sha256-sImk6SJQASDLQo8l%2B0zWWaBgg7TueLS6lTvdH5pBZpo%3D#protobuf",
      "source": "nixpkg"
    },
    "protoc-gen-go-grpc@1.5.1": {
      "last_modified": "2025-10-07T08:41:47Z",
      "resolved": "github:NixOS/nixpkgs/bce5fe2bb998488d8e7e7856315f90496723793c#protoc-gen-go-grpc",
      "source": "devbox-search",
      "version": "1.5.1",
      "systems": {
        "aarch64-darwin": {
          "outputs": [
            {
              "name": "out",
              "path": "/nix/store/c1m1qv6cir38z25x7fpvicrzzv23rvl7-protoc-gen-go-grpc-1.5.1",
              "default": true
            }
          ],
          "store_path": "/nix/store/c1m1qv6cir38z25x7fpvicrzzv23rvl7-protoc-gen-go-grpc-1.5.1"
        },
        "aarch64-linux": {
          "outputs": [
            {
              "name": "out",
              "path": "/nix/store/wb9c8qn4w4c93246sh8gjajh8f0lgr2i-protoc-gen-go-grpc-1.5.1",
              "default": true
            }
          ],
          "store_path": "/nix/store/wb9c8qn4w4c93246sh8gjajh8f0lgr2i-protoc-gen-go-grpc-1.5.1"
        },
        "x86_64-darwin": {
          "outputs": [
            {
              "name": "out",
              "path": "/nix/store/d9qjjcvxsbqlm55q2z65xnm7ghaimz9a-protoc-gen-go-grpc-1.5.1",
              "default": true
            }
          ],
          "store_path": "/nix/store/d9qjjcvxsbqlm55q2z65xnm7ghaimz9a-protoc-gen-go-grpc-1.5.1"
        },
        "x86_64-linux": {
          "outputs": [
            {
              "name": "out",
              "path": "/nix/store/7h5nnc2pv5v6r6m9mbrdw8vkg28vvcwx-protoc-gen-go-grpc-1.5.1",
              "default": true
            }
          ],
          "store_path": "/nix/store/7h5nnc2pv5v6r6m9mbrdw8vkg28vvcwx-protoc-gen-go-grpc-1.5.1"
        }
      }
    },
    "protoc-gen-go@1.34.2": {
      "last_modified": "2024-09-10T15:01:03Z",
      "resolved": "github:NixOS/nixpkgs/5ed627539ac84809c78b2dd6d26a5cebeb5ae269#protoc-gen-go",
      "source": "devbox-search",
      "version": "1.34.2",
      "systems": {
        "aarch64-darwin": {
          "outputs": [
            {
              "name": "out",
              "path": "/nix/store/lglr8b454k6ap0d71zgsgxvsy29sjvkh-protoc-gen-go-1.34.2",
              "default": true
            }
          ],
          "store_path": "/nix/store/lglr8b454k6ap0d71zgsgxvsy29sjvkh-protoc-gen-go-1.34.2"
        },
        "aarch64-linux": {
          "outputs": [
            {
              "name": "out",
              "path": "/nix/store/nancf5naia9iyv68sg7j68z6a346gzpf-protoc-gen-go-1.34.2",
              "default": true
            }
          ],
          "store_path": "/nix/store/nancf5naia9iyv68sg7j68z6a346gzpf-protoc-gen-go-1.34.2"
        },
        "x86_64-darwin": {
          "outputs": [
            {
              "name": "out",
              "path": "/nix/store/9jvn0lcij9vds9z5cfnjzfii5mj7iqqw-protoc-gen-go-1.34.2",
              "default": true
            }
          ],
          "store_path": "/nix/store/9jvn0lcij9vds9z5cfnjzfii5mj7iqqw-protoc-gen-go-1.34.2"
        },
        "x86_64-linux": {
          "outputs": [
            {
              "name": "out",
              "path": "/nix/store/l4azqvhlpdn88rj3qsi3nrmi82qp7c5s-protoc-gen-go-1.34.2",
              "default": true
            }
          ],
          "store_path": "/nix/store/l4azqvhlpdn88rj3qsi3nrmi82qp7c5s-protoc-gen-go-1.34.2"
        }
      }
    }
  }
}
